// !$*UTF8*$!
{
	archiveVersion = 1;
	classes = {
	};
	objectVersion = 46;
	objects = {

/* Begin PBXBuildFile section */
		076F27751BE5B5760091003D /* AppDelegate.swift in Sources */ = {isa = PBXBuildFile; fileRef = 076F27741BE5B5760091003D /* AppDelegate.swift */; };
		076F27771BE5B5760091003D /* ViewController.swift in Sources */ = {isa = PBXBuildFile; fileRef = 076F27761BE5B5760091003D /* ViewController.swift */; };
		076F277A1BE5B5760091003D /* Main.storyboard in Resources */ = {isa = PBXBuildFile; fileRef = 076F27781BE5B5760091003D /* Main.storyboard */; };
		076F277C1BE5B5760091003D /* Assets.xcassets in Resources */ = {isa = PBXBuildFile; fileRef = 076F277B1BE5B5760091003D /* Assets.xcassets */; };
		076F277F1BE5B5760091003D /* LaunchScreen.storyboard in Resources */ = {isa = PBXBuildFile; fileRef = 076F277D1BE5B5760091003D /* LaunchScreen.storyboard */; };
/* End PBXBuildFile section */

/* Begin PBXFileReference section */
		076F27711BE5B5760091003D /* CDInput.app */ = {isa = PBXFileReference; explicitFileType = wrapper.application; includeInIndex = 0; path = CDInput.app; sourceTree = BUILT_PRODUCTS_DIR; };
		076F27741BE5B5760091003D /* AppDelegate.swift */ = {isa = PBXFileReference; lastKnownFileType = sourcecode.swift; path = AppDelegate.swift; sourceTree = "<group>"; };
		076F27761BE5B5760091003D /* ViewController.swift */ = {isa = PBXFileReference; lastKnownFileType = sourcecode.swift; path = ViewController.swift; sourceTree = "<group>"; };
		076F27791BE5B5760091003D /* Base */ = {isa = PBXFileReference; lastKnownFileType = file.storyboard; name = Base; path = Base.lproj/Main.storyboard; sourceTree = "<group>"; };
		076F277B1BE5B5760091003D /* Assets.xcassets */ = {isa = PBXFileReference; lastKnownFileType = folder.assetcatalog; path = Assets.xcassets; sourceTree = "<group>"; };
		076F277E1BE5B5760091003D /* Base */ = {isa = PBXFileReference; lastKnownFileType = file.storyboard; name = Base; path = Base.lproj/LaunchScreen.storyboard; sourceTree = "<group>"; };
		076F27801BE5B5760091003D /* Info.plist */ = {isa = PBXFileReference; lastKnownFileType = text.plist.xml; path = Info.plist; sourceTree = "<group>"; };
/* End PBXFileReference section */

/* Begin PBXFrameworksBuildPhase section */
		076F276E1BE5B5760091003D /* Frameworks */ = {
			isa = PBXFrameworksBuildPhase;
			buildActionMask = 2147483647;
			files = (
			);
			runOnlyForDeploymentPostprocessing = 0;
		};
/* End PBXFrameworksBuildPhase section */

/* Begin PBXGroup section */
		076F27681BE5B5760091003D = {
			isa = PBXGroup;
			children = (
				076F27731BE5B5760091003D /* CDInput */,
				076F27721BE5B5760091003D /* Products */,
			);
			sourceTree = "<group>";
		};
		076F27721BE5B5760091003D /* Products */ = {
			isa = PBXGroup;
			children = (
				076F27711BE5B5760091003D /* CDInput.app */,
			);
			name = Products;
			sourceTree = "<group>";
		};
		076F27731BE5B5760091003D /* CDInput */ = {
			isa = PBXGroup;
			children = (
				076F27741BE5B5760091003D /* AppDelegate.swift */,
				076F27761BE5B5760091003D /* ViewController.swift */,
				076F27781BE5B5760091003D /* Main.storyboard */,
				076F277B1BE5B5760091003D /* Assets.xcassets */,
				076F277D1BE5B5760091003D /* LaunchScreen.storyboard */,
				076F27801BE5B5760091003D /* Info.plist */,
			);
			path = CDInput;
			sourceTree = "<group>";
		};
/* End PBXGroup section */

/* Begin PBXNativeTarget section */
		076F27701BE5B5760091003D /* CDInput */ = {
			isa = PBXNativeTarget;
			buildConfigurationList = 076F27831BE5B5760091003D /* Build configuration list for PBXNativeTarget "CDInput" */;
			buildPhases = (
				076F276D1BE5B5760091003D /* Sources */,
				076F276E1BE5B5760091003D /* Frameworks */,
				076F276F1BE5B5760091003D /* Resources */,
			);
			buildRules = (
			);
			dependencies = (
			);
			name = CDInput;
			productName = CDInput;
			productReference = 076F27711BE5B5760091003D /* CDInput.app */;
			productType = "com.apple.product-type.application";
		};
/* End PBXNativeTarget section */

/* Begin PBXProject section */
		076F27691BE5B5760091003D /* Project object */ = {
			isa = PBXProject;
			attributes = {
				LastSwiftUpdateCheck = 0710;
				LastUpgradeCheck = 0710;
				ORGANIZATIONNAME = catbaron;
				TargetAttributes = {
					076F27701BE5B5760091003D = {
						CreatedOnToolsVersion = 7.1;
						DevelopmentTeam = 65B8CU243A;
					};
				};
			};
			buildConfigurationList = 076F276C1BE5B5760091003D /* Build configuration list for PBXProject "CDInput" */;
			compatibilityVersion = "Xcode 3.2";
			developmentRegion = English;
			hasScannedForEncodings = 0;
			knownRegions = (
				en,
				Base,
			);
			mainGroup = 076F27681BE5B5760091003D;
			productRefGroup = 076F27721BE5B5760091003D /* Products */;
			projectDirPath = "";
			projectRoot = "";
			targets = (
				076F27701BE5B5760091003D /* CDInput */,
			);
		};
/* End PBXProject section */

/* Begin PBXResourcesBuildPhase section */
		076F276F1BE5B5760091003D /* Resources */ = {
			isa = PBXResourcesBuildPhase;
			buildActionMask = 2147483647;
			files = (
				076F277F1BE5B5760091003D /* LaunchScreen.storyboard in Resources */,
				076F277C1BE5B5760091003D /* Assets.xcassets in Resources */,
				076F277A1BE5B5760091003D /* Main.storyboard in Resources */,
			);
			runOnlyForDeploymentPostprocessing = 0;
		};
/* End PBXResourcesBuildPhase section */

/* Begin PBXSourcesBuildPhase section */
		076F276D1BE5B5760091003D /* Sources */ = {
			isa = PBXSourcesBuildPhase;
			buildActionMask = 2147483647;
			files = (
				076F27771BE5B5760091003D /* ViewController.swift in Sources */,
				076F27751BE5B5760091003D /* AppDelegate.swift in Sources */,
			);
			runOnlyForDeploymentPostprocessing = 0;
		};
/* End PBXSourcesBuildPhase section */

/* Begin PBXVariantGroup section */
		076F27781BE5B5760091003D /* Main.storyboard */ = {
			isa = PBXVariantGroup;
			children = (
				076F27791BE5B5760091003D /* Base */,
			);
			name = Main.storyboard;
			sourceTree = "<group>";
		};
		076F277D1BE5B5760091003D /* LaunchScreen.storyboard */ = {
			isa = PBXVariantGroup;
			children = (
				076F277E1BE5B5760091003D /* Base */,
			);
			name = LaunchScreen.storyboard;
			sourceTree = "<group>";
		};
/* End PBXVariantGroup section */

/* Begin XCBuildConfiguration section */
		076F27811BE5B5760091003D /* Debug */ = {
			isa = XCBuildConfiguration;
			buildSettings = {
				ALWAYS_SEARCH_USER_PATHS = NO;
				CLANG_CXX_LANGUAGE_STANDARD = "gnu++0x";
				CLANG_CXX_LIBRARY = "libc++";
				CLANG_ENABLE_MODULES = YES;
				CLANG_ENABLE_OBJC_ARC = YES;
				CLANG_WARN_BOOL_CONVERSION = YES;
				CLANG_WARN_CONSTANT_CONVERSION = YES;
				CLANG_WARN_DIRECT_OBJC_ISA_USAGE = YES_ERROR;
				CLANG_WARN_EMPTY_BODY = YES;
				CLANG_WARN_ENUM_CONVERSION = YES;
				CLANG_WARN_INT_CONVERSION = YES;
				CLANG_WARN_OBJC_ROOT_CLASS = YES_ERROR;
				CLANG_WARN_UNREACHABLE_CODE = YES;
				CLANG_WARN__DUPLICATE_METHOD_MATCH = YES;
				"CODE_SIGN_IDENTITY[sdk=iphoneos*]" = "iPhone Developer";
				COPY_PHASE_STRIP = NO;
				DEBUG_INFORMATION_FORMAT = dwarf;
				ENABLE_STRICT_OBJC_MSGSEND = YES;
				ENABLE_TESTABILITY = YES;
				GCC_C_LANGUAGE_STANDARD = gnu99;
				GCC_DYNAMIC_NO_PIC = NO;
				GCC_NO_COMMON_BLOCKS = YES;
				GCC_OPTIMIZATION_LEVEL = 0;
				GCC_PREPROCESSOR_DEFINITIONS = (
					"DEBUG=1",
					"$(inherited)",
				);
				GCC_WARN_64_TO_32_BIT_CONVERSION = YES;
				GCC_WARN_ABOUT_RETURN_TYPE = YES_ERROR;
				GCC_WARN_UNDECLARED_SELECTOR = YES;
				GCC_WARN_UNINITIALIZED_AUTOS = YES_AGGRESSIVE;
				GCC_WARN_UNUSED_FUNCTION = YES;
				GCC_WARN_UNUSED_VARIABLE = YES;
				IPHONEOS_DEPLOYMENT_TARGET = 9.1;
				MTL_ENABLE_DEBUG_INFO = YES;
				ONLY_ACTIVE_ARCH = YES;
				SDKROOT = iphoneos;
				SWIFT_OPTIMIZATION_LEVEL = "-Onone";
				TARGETED_DEVICE_FAMILY = "1,2";
			};
			name = Debug;
		};
		076F27821BE5B5760091003D /* Release */ = {
			isa = XCBuildConfiguration;
			buildSettings = {
				ALWAYS_SEARCH_USER_PATHS = NO;
				CLANG_CXX_LANGUAGE_STANDARD = "gnu++0x";
				CLANG_CXX_LIBRARY = "libc++";
				CLANG_ENABLE_MODULES = YES;
				CLANG_ENABLE_OBJC_ARC = YES;
				CLANG_WARN_BOOL_CONVERSION = YES;
				CLANG_WARN_CONSTANT_CONVERSION = YES;
				CLANG_WARN_DIRECT_OBJC_ISA_USAGE = YES_ERROR;
				CLANG_WARN_EMPTY_BODY = YES;
				CLANG_WARN_ENUM_CONVERSION = YES;
				CLANG_WARN_INT_CONVERSION = YES;
				CLANG_WARN_OBJC_ROOT_CLASS = YES_ERROR;
				CLANG_WARN_UNREACHABLE_CODE = YES;
				CLANG_WARN__DUPLICATE_METHOD_MATCH = YES;
				"CODE_SIGN_IDENTITY[sdk=iphoneos*]" = "iPhone Developer";
				COPY_PHASE_STRIP = NO;
				DEBUG_INFORMATION_FORMAT = "dwarf-with-dsym";
				ENABLE_NS_ASSERTIONS = NO;
				ENABLE_STRICT_OBJC_MSGSEND = YES;
				GCC_C_LANGUAGE_STANDARD = gnu99;
				GCC_NO_COMMON_BLOCKS = YES;
				GCC_WARN_64_TO_32_BIT_CONVERSION = YES;
				GCC_WARN_ABOUT_RETURN_TYPE = YES_ERROR;
				GCC_WARN_UNDECLARED_SELECTOR = YES;
				GCC_WARN_UNINITIALIZED_AUTOS = YES_AGGRESSIVE;
				GCC_WARN_UNUSED_FUNCTION = YES;
				GCC_WARN_UNUSED_VARIABLE = YES;
				IPHONEOS_DEPLOYMENT_TARGET = 9.1;
				MTL_ENABLE_DEBUG_INFO = NO;
				SDKROOT = iphoneos;
				TARGETED_DEVICE_FAMILY = "1,2";
				VALIDATE_PRODUCT = YES;
			};
			name = Release;
		};
		076F27841BE5B5760091003D /* Debug */ = {
			isa = XCBuildConfiguration;
			buildSettings = {
				ASSETCATALOG_COMPILER_APPICON_NAME = AppIcon;
				INFOPLIST_FILE = CDInput/Info.plist;
				LD_RUNPATH_SEARCH_PATHS = "$(inherited) @executable_path/Frameworks";
				PRODUCT_BUNDLE_IDENTIFIER = info.catbaron.CDInput;
				PRODUCT_NAME = "$(TARGET_NAME)";
			};
			name = Debug;
		};
		076F27851BE5B5760091003D /* Release */ = {
			isa = XCBuildConfiguration;
			buildSettings = {
				ASSETCATALOG_COMPILER_APPICON_NAME = AppIcon;
				INFOPLIST_FILE = CDInput/Info.plist;
				LD_RUNPATH_SEARCH_PATHS = "$(inherited) @executable_path/Frameworks";
				PRODUCT_BUNDLE_IDENTIFIER = info.catbaron.CDInput;
				PRODUCT_NAME = "$(TARGET_NAME)";
			};
			name = Release;
		};
/* End XCBuildConfiguration section */

/* Begin XCConfigurationList section */
		076F276C1BE5B5760091003D /* Build configuration list for PBXProject "CDInput" */ = {
			isa = XCConfigurationList;
			buildConfigurations = (
				076F27811BE5B5760091003D /* Debug */,
				076F27821BE5B5760091003D /* Release */,
			);
			defaultConfigurationIsVisible = 0;
			defaultConfigurationName = Release;
		};
		076F27831BE5B5760091003D /* Build configuration list for PBXNativeTarget "CDInput" */ = {
			isa = XCConfigurationList;
			buildConfigurations = (
				076F27841BE5B5760091003D /* Debug */,
				076F27851BE5B5760091003D /* Release */,
			);
			defaultConfigurationIsVisible = 0;
		};
/* End XCConfigurationList section */
	};
	rootObject = 076F27691BE5B5760091003D /* Project object */;
}
